
Microsoft Visual Studio Solution File, Format Version 12.00
# Visual Studio Version 17
VisualStudioVersion = 17.5.2.0
MinimumVisualStudioVersion = 10.0.40219.1
Project("{9A19103F-16F7-4668-BE54-9A1E7A4F7556}") = "Api", "Api\Api.csproj", "{C658EDFA-8671-4B56-8AD7-54D1D4A449AA}"
EndProject
Project("{9A19103F-16F7-4668-BE54-9A1E7A4F7556}") = "Core", "Core\Core.csproj", "{574B5B7D-21EF-44EF-963E-8E1CDD0267E2}"
EndProject
Project("{9A19103F-16F7-4668-BE54-9A1E7A4F7556}") = "Data", "Data\Data.csproj", "{CC83FE25-B163-4CC8-AA7D-C375448C05BA}"
EndProject
Project("{FAE04EC0-301F-11D3-BF4B-00C04F79EFBC}") = "StoreApi", "StoreApi\StoreApi.csproj", "{79F4C199-938B-4539-AC18-8CA91D0EB102}"
EndProject
Global
	GlobalSection(SolutionConfigurationPlatforms) = preSolution
		Debug|Any CPU = Debug|Any CPU
		Release|Any CPU = Release|Any CPU
	EndGlobalSection
	GlobalSection(ProjectConfigurationPlatforms) = postSolution
		{C658EDFA-8671-4B56-8AD7-54D1D4A449AA}.Debug|Any CPU.ActiveCfg = Debug|Any CPU
		{C658EDFA-8671-4B56-8AD7-54D1D4A449AA}.Debug|Any CPU.Build.0 = Debug|Any CPU
		{C658EDFA-8671-4B56-8AD7-54D1D4A449AA}.Release|Any CPU.ActiveCfg = Release|Any CPU
		{C658EDFA-8671-4B56-8AD7-54D1D4A449AA}.Release|Any CPU.Build.0 = Release|Any CPU
		{574B5B7D-21EF-44EF-963E-8E1CDD0267E2}.Debug|Any CPU.ActiveCfg = Debug|Any CPU
		{574B5B7D-21EF-44EF-963E-8E1CDD0267E2}.Debug|Any CPU.Build.0 = Debug|Any CPU
		{574B5B7D-21EF-44EF-963E-8E1CDD0267E2}.Release|Any CPU.ActiveCfg = Release|Any CPU
		{574B5B7D-21EF-44EF-963E-8E1CDD0267E2}.Release|Any CPU.Build.0 = Release|Any CPU
		{CC83FE25-B163-4CC8-AA7D-C375448C05BA}.Debug|Any CPU.ActiveCfg = Debug|Any CPU
		{CC83FE25-B163-4CC8-AA7D-C375448C05BA}.Debug|Any CPU.Build.0 = Debug|Any CPU
		{CC83FE25-B163-4CC8-AA7D-C375448C05BA}.Release|Any CPU.ActiveCfg = Release|Any CPU
		{CC83FE25-B163-4CC8-AA7D-C375448C05BA}.Release|Any CPU.Build.0 = Release|Any CPU
		{79F4C199-938B-4539-AC18-8CA91D0EB102}.Debug|Any CPU.ActiveCfg = Debug|Any CPU
		{79F4C199-938B-4539-AC18-8CA91D0EB102}.Debug|Any CPU.Build.0 = Debug|Any CPU
		{79F4C199-938B-4539-AC18-8CA91D0EB102}.Release|Any CPU.ActiveCfg = Release|Any CPU
		{79F4C199-938B-4539-AC18-8CA91D0EB102}.Release|Any CPU.Build.0 = Release|Any CPU
	EndGlobalSection
	GlobalSection(SolutionProperties) = preSolution
		HideSolutionNode = FALSE
	EndGlobalSection
	GlobalSection(ExtensibilityGlobals) = postSolution
		SolutionGuid = {B41E4C78-CA5F-4246-A4C9-C485ED00ACF1}
	EndGlobalSection
EndGlobal
